<?xml version="1.0" encoding="utf-8"?>
<Project ToolsVersion="4.0" xmlns="http://schemas.microsoft.com/developer/msbuild/2003">
  <ItemGroup>
    <Filter Include="core">
      <UniqueIdentifier>{e5da5ab1-33cb-488e-8eb9-f03c504240a4}</UniqueIdentifier>
    </Filter>
    <Filter Include="util">
      <UniqueIdentifier>{f0b51d32-43fc-4686-9ae5-45ba5e4c286f}</UniqueIdentifier>
    </Filter>
    <Filter Include="input">
      <UniqueIdentifier>{437c5778-58e0-426e-8069-8faff0965400}</UniqueIdentifier>
    </Filter>
    <Filter Include="render">
      <UniqueIdentifier>{a9970849-3cca-427a-a9a4-c4d59a0ef4a3}</UniqueIdentifier>
    </Filter>
    <Filter Include="app">
      <UniqueIdentifier>{5c920422-13e4-4034-a76a-5a6394444ab9}</UniqueIdentifier>
    </Filter>
    <Filter Include="video">
      <UniqueIdentifier>{e463cb8a-ce59-4286-8970-3684bb69b5c8}</UniqueIdentifier>
    </Filter>
    <Filter Include="math">
      <UniqueIdentifier>{374e5e8a-1e6f-40da-8b61-b15ac7b3d0a4}</UniqueIdentifier>
    </Filter>
    <Filter Include="render\state">
      <UniqueIdentifier>{0bd164b9-2a61-4386-8a8c-75cc1f521b69}</UniqueIdentifier>
    </Filter>
    <Filter Include="core\logger">
      <UniqueIdentifier>{c531b775-c7d6-40d4-a229-b1f967f36673}</UniqueIdentifier>
    </Filter>
    <Filter Include="core\clock">
      <UniqueIdentifier>{f567f7ab-e798-4781-a936-5c71894b3d61}</UniqueIdentifier>
    </Filter>
    <Filter Include="core\channel">
      <UniqueIdentifier>{83ba05e3-f46e-47ee-bab7-235cadee7dfe}</UniqueIdentifier>
    </Filter>
    <Filter Include="core\system">
      <UniqueIdentifier>{8d6633f3-13a6-4bc2-aa01-725b1adc139b}</UniqueIdentifier>
    </Filter>
    <Filter Include="core\settings">
      <UniqueIdentifier>{e9031e24-82b0-40c5-8bce-c2b41eb5a336}</UniqueIdentifier>
    </Filter>
    <Filter Include="render\buffer">
      <UniqueIdentifier>{3c9cd58b-68e9-4b20-9703-cbb9a8472e7e}</UniqueIdentifier>
    </Filter>
    <Filter Include="render\shader">
      <UniqueIdentifier>{6b6b7681-846b-4a10-b1fb-99e3fa6a47df}</UniqueIdentifier>
    </Filter>
  </ItemGroup>
  <ItemGroup>
    <ClInclude Include="opengl.h" />
    <ClInclude Include="preprocessor.h" />
    <ClInclude Include="overdrive.h" />
    <ClInclude Include="core\engine.h">
      <Filter>core</Filter>
    </ClInclude>
    <ClInclude Include="app\application.h">
      <Filter>app</Filter>
    </ClInclude>
    <ClInclude Include="video\video.h">
      <Filter>video</Filter>
    </ClInclude>
    <ClInclude Include="video\monitor.h">
      <Filter>video</Filter>
    </ClInclude>
    <ClInclude Include="video\videomode.h">
      <Filter>video</Filter>
    </ClInclude>
    <ClInclude Include="video\window.h">
      <Filter>video</Filter>
    </ClInclude>
    <ClInclude Include="video\windowHints.h">
      <Filter>video</Filter>
    </ClInclude>
    <ClInclude Include="input\input.h">
      <Filter>input</Filter>
    </ClInclude>
    <ClInclude Include="input\keyboard.h">
      <Filter>input</Filter>
    </ClInclude>
    <ClInclude Include="input\mouse.h">
      <Filter>input</Filter>
    </ClInclude>
    <ClInclude Include="util\exception.h">
      <Filter>util</Filter>
    </ClInclude>
    <ClInclude Include="util\supports.h">
      <Filter>util</Filter>
    </ClInclude>
    <ClInclude Include="input\gamepad.h">
      <Filter>input</Filter>
    </ClInclude>
    <ClInclude Include="util\active.h">
      <Filter>util</Filter>
    </ClInclude>
    <ClInclude Include="util\exception_windows.h">
      <Filter>util</Filter>
    </ClInclude>
    <ClInclude Include="math\clamp.h">
      <Filter>math</Filter>
    </ClInclude>
    <ClInclude Include="render\renderstate.h">
      <Filter>render\state</Filter>
    </ClInclude>
    <ClInclude Include="render\renderdebug.h">
      <Filter>render\state</Filter>
    </ClInclude>
    <ClInclude Include="stdafx.h" />
    <ClInclude Include="core\log_level.h">
      <Filter>core\logger</Filter>
    </ClInclude>
    <ClInclude Include="core\log_message.h">
      <Filter>core\logger</Filter>
    </ClInclude>
    <ClInclude Include="core\log_sink.h">
      <Filter>core\logger</Filter>
    </ClInclude>
    <ClInclude Include="core\logger.h">
      <Filter>core\logger</Filter>
    </ClInclude>
    <ClInclude Include="core\clock.h">
      <Filter>core\clock</Filter>
    </ClInclude>
    <ClInclude Include="core\channel.h">
      <Filter>core\channel</Filter>
    </ClInclude>
    <ClInclude Include="core\channel_queue.h">
      <Filter>core\channel</Filter>
    </ClInclude>
    <ClInclude Include="core\system.h">
      <Filter>core\system</Filter>
    </ClInclude>
    <ClInclude Include="core\settings.h">
      <Filter>core\settings</Filter>
    </ClInclude>
    <ClInclude Include="render\shaderprogram.h">
      <Filter>render\shader</Filter>
    </ClInclude>
    <ClInclude Include="render\shader.h">
      <Filter>render\shader</Filter>
    </ClInclude>
    <ClInclude Include="render\shaderattribute.h">
      <Filter>render\shader</Filter>
    </ClInclude>
    <ClInclude Include="render\shaderUniform.h">
      <Filter>render\shader</Filter>
    </ClInclude>
    <ClInclude Include="render\buffer.h">
      <Filter>render\buffer</Filter>
    </ClInclude>
    <ClInclude Include="util\enum_bitfield.h">
      <Filter>util</Filter>
    </ClInclude>
    <ClInclude Include="render\vertexbuffer.h">
      <Filter>render\buffer</Filter>
    </ClInclude>
    <ClInclude Include="render\common_vertex_formats.h">
      <Filter>render\buffer</Filter>
    </ClInclude>
    <ClInclude Include="render\gltypes.h">
      <Filter>render\buffer</Filter>
    </ClInclude>
    <ClInclude Include="render\indexbuffer.h">
      <Filter>render\buffer</Filter>
    </ClInclude>
  </ItemGroup>
  <ItemGroup>
    <ClCompile Include="core\engine.cpp">
      <Filter>core</Filter>
    </ClCompile>
    <ClCompile Include="app\application.cpp">
      <Filter>app</Filter>
    </ClCompile>
    <ClCompile Include="video\videomode.cpp">
      <Filter>video</Filter>
    </ClCompile>
    <ClCompile Include="video\monitor.cpp">
      <Filter>video</Filter>
    </ClCompile>
    <ClCompile Include="video\video.cpp">
      <Filter>video</Filter>
    </ClCompile>
    <ClCompile Include="video\windowHints.cpp">
      <Filter>video</Filter>
    </ClCompile>
    <ClCompile Include="video\window.cpp">
      <Filter>video</Filter>
    </ClCompile>
    <ClCompile Include="input\keyboard.cpp">
      <Filter>input</Filter>
    </ClCompile>
    <ClCompile Include="input\mouse.cpp">
      <Filter>input</Filter>
    </ClCompile>
    <ClCompile Include="util\exception.cpp">
      <Filter>util</Filter>
    </ClCompile>
    <ClCompile Include="input\input.cpp">
      <Filter>input</Filter>
    </ClCompile>
    <ClCompile Include="util\active.cpp">
      <Filter>util</Filter>
    </ClCompile>
    <ClCompile Include="input\input_windows.cpp">
      <Filter>input</Filter>
    </ClCompile>
    <ClCompile Include="util\exception_windows.cpp">
      <Filter>util</Filter>
    </ClCompile>
    <ClCompile Include="input\gamepad.cpp">
      <Filter>input</Filter>
    </ClCompile>
    <ClCompile Include="render\renderstate.cpp">
      <Filter>render\state</Filter>
    </ClCompile>
    <ClCompile Include="render\renderdebug.cpp">
      <Filter>render\state</Filter>
    </ClCompile>
    <ClCompile Include="stdafx.cpp" />
    <ClCompile Include="core\log_level.cpp">
      <Filter>core\logger</Filter>
    </ClCompile>
    <ClCompile Include="core\log_message.cpp">
      <Filter>core\logger</Filter>
    </ClCompile>
    <ClCompile Include="core\log_sink.cpp">
      <Filter>core\logger</Filter>
    </ClCompile>
    <ClCompile Include="core\logger.cpp">
      <Filter>core\logger</Filter>
    </ClCompile>
    <ClCompile Include="core\clock.cpp">
      <Filter>core\clock</Filter>
    </ClCompile>
    <ClCompile Include="core\system.cpp">
      <Filter>core\system</Filter>
    </ClCompile>
    <ClCompile Include="core\settings.cpp">
      <Filter>core\settings</Filter>
    </ClCompile>
    <ClCompile Include="render\shader.cpp">
      <Filter>render\shader</Filter>
    </ClCompile>
    <ClCompile Include="render\shaderprogram.cpp">
      <Filter>render\shader</Filter>
    </ClCompile>
    <ClCompile Include="render\shaderAttribute.cpp">
      <Filter>render\shader</Filter>
    </ClCompile>
    <ClCompile Include="render\shaderUniform.cpp">
      <Filter>render\shader</Filter>
    </ClCompile>
  </ItemGroup>
  <ItemGroup>
    <None Include="core\engine.inl">
      <Filter>core</Filter>
    </None>
    <None Include="util\supports.inl">
      <Filter>util</Filter>
    </None>
    <None Include="math\clamp.inl">
      <Filter>math</Filter>
    </None>
    <None Include="core\log_message.inl">
      <Filter>core\logger</Filter>
    </None>
    <None Include="core\log_sink.inl">
      <Filter>core\logger</Filter>
    </None>
    <None Include="core\channel.inl">
      <Filter>core\channel</Filter>
    </None>
    <None Include="core\channel_queue.inl">
      <Filter>core\channel</Filter>
    </None>
    <None Include="core\system.inl">
      <Filter>core\system</Filter>
    </None>
    <None Include="core\settings.inl">
      <Filter>core\settings</Filter>
    </None>
    <None Include="render\shaderprogram.inl">
      <Filter>render\shader</Filter>
    </None>
    <None Include="util\enum_bitfield.inl">
      <Filter>util</Filter>
    </None>
    <None Include="render\buffer.inl">
      <Filter>render\buffer</Filter>
    </None>
    <None Include="render\vertexbuffer.inl">
      <Filter>render\buffer</Filter>
    </None>
    <None Include="render\gltypes.cpp">
      <Filter>render\buffer</Filter>
    </None>
    <None Include="render\indexbuffer.inl">
      <Filter>render\buffer</Filter>
    </None>
  </ItemGroup>
</Project>