<?xml version="1.0" encoding="utf-8"?>
<Project ToolsVersion="4.0" xmlns="http://schemas.microsoft.com/developer/msbuild/2003">
  <ItemGroup>
    <Filter Include="core">
      <UniqueIdentifier>{e5da5ab1-33cb-488e-8eb9-f03c504240a4}</UniqueIdentifier>
    </Filter>
    <Filter Include="util">
      <UniqueIdentifier>{f0b51d32-43fc-4686-9ae5-45ba5e4c286f}</UniqueIdentifier>
    </Filter>
    <Filter Include="input">
      <UniqueIdentifier>{437c5778-58e0-426e-8069-8faff0965400}</UniqueIdentifier>
    </Filter>
    <Filter Include="render">
      <UniqueIdentifier>{a9970849-3cca-427a-a9a4-c4d59a0ef4a3}</UniqueIdentifier>
    </Filter>
    <Filter Include="app">
      <UniqueIdentifier>{5c920422-13e4-4034-a76a-5a6394444ab9}</UniqueIdentifier>
    </Filter>
    <Filter Include="video">
      <UniqueIdentifier>{e463cb8a-ce59-4286-8970-3684bb69b5c8}</UniqueIdentifier>
    </Filter>
    <Filter Include="math">
      <UniqueIdentifier>{374e5e8a-1e6f-40da-8b61-b15ac7b3d0a4}</UniqueIdentifier>
    </Filter>
  </ItemGroup>
  <ItemGroup>
    <ClInclude Include="opengl.h" />
    <ClInclude Include="preprocessor.h" />
    <ClInclude Include="overdrive.h" />
    <ClInclude Include="core\logger.h">
      <Filter>core</Filter>
    </ClInclude>
    <ClInclude Include="core\log_sink.h">
      <Filter>core</Filter>
    </ClInclude>
    <ClInclude Include="core\log_message.h">
      <Filter>core</Filter>
    </ClInclude>
    <ClInclude Include="core\log_level.h">
      <Filter>core</Filter>
    </ClInclude>
    <ClInclude Include="core\engine.h">
      <Filter>core</Filter>
    </ClInclude>
    <ClInclude Include="core\channel.h">
      <Filter>core</Filter>
    </ClInclude>
    <ClInclude Include="core\channel_queue.h">
      <Filter>core</Filter>
    </ClInclude>
    <ClInclude Include="core\system.h">
      <Filter>core</Filter>
    </ClInclude>
    <ClInclude Include="core\settings.h">
      <Filter>core</Filter>
    </ClInclude>
    <ClInclude Include="app\application.h">
      <Filter>app</Filter>
    </ClInclude>
    <ClInclude Include="video\video.h">
      <Filter>video</Filter>
    </ClInclude>
    <ClInclude Include="video\monitor.h">
      <Filter>video</Filter>
    </ClInclude>
    <ClInclude Include="video\videomode.h">
      <Filter>video</Filter>
    </ClInclude>
    <ClInclude Include="video\window.h">
      <Filter>video</Filter>
    </ClInclude>
    <ClInclude Include="video\windowHints.h">
      <Filter>video</Filter>
    </ClInclude>
    <ClInclude Include="input\input.h">
      <Filter>input</Filter>
    </ClInclude>
    <ClInclude Include="input\keyboard.h">
      <Filter>input</Filter>
    </ClInclude>
    <ClInclude Include="input\mouse.h">
      <Filter>input</Filter>
    </ClInclude>
    <ClInclude Include="util\exception.h">
      <Filter>util</Filter>
    </ClInclude>
    <ClInclude Include="util\supports.h">
      <Filter>util</Filter>
    </ClInclude>
    <ClInclude Include="input\gamepad.h">
      <Filter>input</Filter>
    </ClInclude>
    <ClInclude Include="util\active.h">
      <Filter>util</Filter>
    </ClInclude>
    <ClInclude Include="util\exception_windows.h">
      <Filter>util</Filter>
    </ClInclude>
    <ClInclude Include="math\clamp.h">
      <Filter>math</Filter>
    </ClInclude>
  </ItemGroup>
  <ItemGroup>
    <ClCompile Include="core\logger.cpp">
      <Filter>core</Filter>
    </ClCompile>
    <ClCompile Include="core\log_sink.cpp">
      <Filter>core</Filter>
    </ClCompile>
    <ClCompile Include="core\log_message.cpp">
      <Filter>core</Filter>
    </ClCompile>
    <ClCompile Include="core\log_level.cpp">
      <Filter>core</Filter>
    </ClCompile>
    <ClCompile Include="core\system.cpp">
      <Filter>core</Filter>
    </ClCompile>
    <ClCompile Include="core\settings.cpp">
      <Filter>core</Filter>
    </ClCompile>
    <ClCompile Include="core\engine.cpp">
      <Filter>core</Filter>
    </ClCompile>
    <ClCompile Include="app\application.cpp">
      <Filter>app</Filter>
    </ClCompile>
    <ClCompile Include="video\videomode.cpp">
      <Filter>video</Filter>
    </ClCompile>
    <ClCompile Include="video\monitor.cpp">
      <Filter>video</Filter>
    </ClCompile>
    <ClCompile Include="video\video.cpp">
      <Filter>video</Filter>
    </ClCompile>
    <ClCompile Include="video\windowHints.cpp">
      <Filter>video</Filter>
    </ClCompile>
    <ClCompile Include="video\window.cpp">
      <Filter>video</Filter>
    </ClCompile>
    <ClCompile Include="input\keyboard.cpp">
      <Filter>input</Filter>
    </ClCompile>
    <ClCompile Include="input\mouse.cpp">
      <Filter>input</Filter>
    </ClCompile>
    <ClCompile Include="util\exception.cpp">
      <Filter>util</Filter>
    </ClCompile>
    <ClCompile Include="input\input.cpp">
      <Filter>input</Filter>
    </ClCompile>
    <ClCompile Include="util\active.cpp">
      <Filter>util</Filter>
    </ClCompile>
    <ClCompile Include="input\input_windows.cpp">
      <Filter>input</Filter>
    </ClCompile>
    <ClCompile Include="util\exception_windows.cpp">
      <Filter>util</Filter>
    </ClCompile>
    <ClCompile Include="input\gamepad.cpp">
      <Filter>input</Filter>
    </ClCompile>
  </ItemGroup>
  <ItemGroup>
    <None Include="core\log_sink.inl">
      <Filter>core</Filter>
    </None>
    <None Include="core\log_message.inl">
      <Filter>core</Filter>
    </None>
    <None Include="core\channel.inl">
      <Filter>core</Filter>
    </None>
    <None Include="core\channel_queue.inl">
      <Filter>core</Filter>
    </None>
    <None Include="core\system.inl">
      <Filter>core</Filter>
    </None>
    <None Include="core\settings.inl">
      <Filter>core</Filter>
    </None>
    <None Include="core\engine.inl">
      <Filter>core</Filter>
    </None>
    <None Include="util\supports.inl">
      <Filter>util</Filter>
    </None>
    <None Include="math\clamp.inl">
      <Filter>math</Filter>
    </None>
  </ItemGroup>
</Project>