
Microsoft Visual Studio Solution File, Format Version 12.00
# Visual Studio 2013
VisualStudioVersion = 12.0.30723.0
MinimumVisualStudioVersion = 10.0.40219.1
Project("{8BC9CEB8-8B4A-11D0-8D11-00A0C91BC942}") = "Overdrive", "Overdrive\Overdrive.vcxproj", "{6BB84A96-5106-4D65-8FFC-D4F0B82DECE2}"
EndProject
Project("{2150E333-8FDC-42A3-9474-1A3956D46DE8}") = "Solution Items", "Solution Items", "{3378C9BA-25E7-4FAD-9DDB-0137BC6D3053}"
EndProject
Global
	GlobalSection(SolutionConfigurationPlatforms) = preSolution
		Debug|Win32 = Debug|Win32
		Release|Win32 = Release|Win32
	EndGlobalSection
	GlobalSection(ProjectConfigurationPlatforms) = postSolution
		{6BB84A96-5106-4D65-8FFC-D4F0B82DECE2}.Debug|Win32.ActiveCfg = Debug|Win32
		{6BB84A96-5106-4D65-8FFC-D4F0B82DECE2}.Debug|Win32.Build.0 = Debug|Win32
		{6BB84A96-5106-4D65-8FFC-D4F0B82DECE2}.Release|Win32.ActiveCfg = Release|Win32
		{6BB84A96-5106-4D65-8FFC-D4F0B82DECE2}.Release|Win32.Build.0 = Release|Win32
	EndGlobalSection
	GlobalSection(SolutionProperties) = preSolution
		HideSolutionNode = FALSE
	EndGlobalSection
	GlobalSection(Performance) = preSolution
		HasPerformanceSessions = true
	EndGlobalSection
EndGlobal
